
Microsoft Visual Studio Solution File, Format Version 12.00
# Visual Studio Version 17
VisualStudioVersion = 17.5.33414.496
MinimumVisualStudioVersion = 10.0.40219.1
Project("{FAE04EC0-301F-11D3-BF4B-00C04F79EFBC}") = "MVCCRUD", "MVCCRUD\MVCCRUD.csproj", "{39C73CB9-A50C-4DB8-9034-5F0761521C05}"
EndProject
Global
	GlobalSection(SolutionConfigurationPlatforms) = preSolution
		Debug|Any CPU = Debug|Any CPU
		Release|Any CPU = Release|Any CPU
	EndGlobalSection
	GlobalSection(ProjectConfigurationPlatforms) = postSolution
		{39C73CB9-A50C-4DB8-9034-5F0761521C05}.Debug|Any CPU.ActiveCfg = Debug|Any CPU
		{39C73CB9-A50C-4DB8-9034-5F0761521C05}.Debug|Any CPU.Build.0 = Debug|Any CPU
		{39C73CB9-A50C-4DB8-9034-5F0761521C05}.Release|Any CPU.ActiveCfg = Release|Any CPU
		{39C73CB9-A50C-4DB8-9034-5F0761521C05}.Release|Any CPU.Build.0 = Release|Any CPU
	EndGlobalSection
	GlobalSection(SolutionProperties) = preSolution
		HideSolutionNode = FALSE
	EndGlobalSection
	GlobalSection(ExtensibilityGlobals) = postSolution
		SolutionGuid = {1EDFC334-3201-4833-BBD3-0E0843684BD0}
	EndGlobalSection
EndGlobal
